// !$*UTF8*$!
{
	archiveVersion = 1;
	classes = {
	};
	objectVersion = 51;
	objects = {

/* Begin PBXBuildFile section */
		2F376CE4AD00D064263B6A66 /* Pods_Project.framework in Frameworks */ = {isa = PBXBuildFile; fileRef = B7DF48081461CF622D883C81 /* Pods_Project.framework */; };
		3F0498E924599B2E008862C2 /* AppDelegate.swift in Sources */ = {isa = PBXBuildFile; fileRef = 3F0498E824599B2E008862C2 /* AppDelegate.swift */; };
		3F0498EE24599B2E008862C2 /* Main.storyboard in Resources */ = {isa = PBXBuildFile; fileRef = 3F0498EC24599B2E008862C2 /* Main.storyboard */; };
		3F0498F024599B35008862C2 /* Assets.xcassets in Resources */ = {isa = PBXBuildFile; fileRef = 3F0498EF24599B35008862C2 /* Assets.xcassets */; };
		3F0498F324599B35008862C2 /* LaunchScreen.storyboard in Resources */ = {isa = PBXBuildFile; fileRef = 3F0498F124599B35008862C2 /* LaunchScreen.storyboard */; };
		3F0498FE24599B35008862C2 /* ProjectTests.swift in Sources */ = {isa = PBXBuildFile; fileRef = 3F0498FD24599B35008862C2 /* ProjectTests.swift */; };
		3F04990924599B35008862C2 /* ProjectUITests.swift in Sources */ = {isa = PBXBuildFile; fileRef = 3F04990824599B35008862C2 /* ProjectUITests.swift */; };
		3F7C15EF2462D8FC004128E1 /* GoogleService-Info.plist in Resources */ = {isa = PBXBuildFile; fileRef = 3F7C15EE2462D8FB004128E1 /* GoogleService-Info.plist */; };
		3FC425682462EA7800A3279B /* LoginViewController.swift in Sources */ = {isa = PBXBuildFile; fileRef = 3FC425672462EA7800A3279B /* LoginViewController.swift */; };
		3FC4256A2462EB5500A3279B /* SignupViewController.swift in Sources */ = {isa = PBXBuildFile; fileRef = 3FC425692462EB5500A3279B /* SignupViewController.swift */; };
		3FC4256C2462EB9500A3279B /* Signup2ViewController.swift in Sources */ = {isa = PBXBuildFile; fileRef = 3FC4256B2462EB9500A3279B /* Signup2ViewController.swift */; };
		3FC4256E2462EBAC00A3279B /* SignupcameraViewController.swift in Sources */ = {isa = PBXBuildFile; fileRef = 3FC4256D2462EBAC00A3279B /* SignupcameraViewController.swift */; };
		3FC425702462EBBB00A3279B /* CameraViewController.swift in Sources */ = {isa = PBXBuildFile; fileRef = 3FC4256F2462EBBB00A3279B /* CameraViewController.swift */; };
		3FC425722462EBC900A3279B /* QRcodeViewController.swift in Sources */ = {isa = PBXBuildFile; fileRef = 3FC425712462EBC900A3279B /* QRcodeViewController.swift */; };
		3FC425742462EBEF00A3279B /* ContactbookViewController.swift in Sources */ = {isa = PBXBuildFile; fileRef = 3FC425732462EBEF00A3279B /* ContactbookViewController.swift */; };
		88F0AA8BE8FE27DF511DFDE6 /* Pods_Project_ProjectUITests.framework in Frameworks */ = {isa = PBXBuildFile; fileRef = AFBF3D07A7D5AF5007663A38 /* Pods_Project_ProjectUITests.framework */; };
		A77142EA2C80B43BBA579A25 /* Pods_ProjectTests.framework in Frameworks */ = {isa = PBXBuildFile; fileRef = 17CECFCC421E57C875E84049 /* Pods_ProjectTests.framework */; };
/* End PBXBuildFile section */

/* Begin PBXContainerItemProxy section */
		3F0498FA24599B35008862C2 /* PBXContainerItemProxy */ = {
			isa = PBXContainerItemProxy;
			containerPortal = 3F0498DD24599B2E008862C2 /* Project object */;
			proxyType = 1;
			remoteGlobalIDString = 3F0498E424599B2E008862C2;
			remoteInfo = Project;
		};
		3F04990524599B35008862C2 /* PBXContainerItemProxy */ = {
			isa = PBXContainerItemProxy;
			containerPortal = 3F0498DD24599B2E008862C2 /* Project object */;
			proxyType = 1;
			remoteGlobalIDString = 3F0498E424599B2E008862C2;
			remoteInfo = Project;
		};
/* End PBXContainerItemProxy section */

/* Begin PBXFileReference section */
		17CECFCC421E57C875E84049 /* Pods_ProjectTests.framework */ = {isa = PBXFileReference; explicitFileType = wrapper.framework; includeInIndex = 0; path = Pods_ProjectTests.framework; sourceTree = BUILT_PRODUCTS_DIR; };
		3F0498E524599B2E008862C2 /* Project.app */ = {isa = PBXFileReference; explicitFileType = wrapper.application; includeInIndex = 0; path = Project.app; sourceTree = BUILT_PRODUCTS_DIR; };
		3F0498E824599B2E008862C2 /* AppDelegate.swift */ = {isa = PBXFileReference; lastKnownFileType = sourcecode.swift; path = AppDelegate.swift; sourceTree = "<group>"; };
		3F0498ED24599B2E008862C2 /* Base */ = {isa = PBXFileReference; lastKnownFileType = file.storyboard; name = Base; path = Base.lproj/Main.storyboard; sourceTree = "<group>"; };
		3F0498EF24599B35008862C2 /* Assets.xcassets */ = {isa = PBXFileReference; lastKnownFileType = folder.assetcatalog; path = Assets.xcassets; sourceTree = "<group>"; };
		3F0498F224599B35008862C2 /* Base */ = {isa = PBXFileReference; lastKnownFileType = file.storyboard; name = Base; path = Base.lproj/LaunchScreen.storyboard; sourceTree = "<group>"; };
		3F0498F424599B35008862C2 /* Info.plist */ = {isa = PBXFileReference; lastKnownFileType = text.plist.xml; path = Info.plist; sourceTree = "<group>"; };
		3F0498F924599B35008862C2 /* ProjectTests.xctest */ = {isa = PBXFileReference; explicitFileType = wrapper.cfbundle; includeInIndex = 0; path = ProjectTests.xctest; sourceTree = BUILT_PRODUCTS_DIR; };
		3F0498FD24599B35008862C2 /* ProjectTests.swift */ = {isa = PBXFileReference; lastKnownFileType = sourcecode.swift; path = ProjectTests.swift; sourceTree = "<group>"; };
		3F0498FF24599B35008862C2 /* Info.plist */ = {isa = PBXFileReference; lastKnownFileType = text.plist.xml; path = Info.plist; sourceTree = "<group>"; };
		3F04990424599B35008862C2 /* ProjectUITests.xctest */ = {isa = PBXFileReference; explicitFileType = wrapper.cfbundle; includeInIndex = 0; path = ProjectUITests.xctest; sourceTree = BUILT_PRODUCTS_DIR; };
		3F04990824599B35008862C2 /* ProjectUITests.swift */ = {isa = PBXFileReference; lastKnownFileType = sourcecode.swift; path = ProjectUITests.swift; sourceTree = "<group>"; };
		3F04990A24599B35008862C2 /* Info.plist */ = {isa = PBXFileReference; lastKnownFileType = text.plist.xml; path = Info.plist; sourceTree = "<group>"; };
		3F7C15EE2462D8FB004128E1 /* GoogleService-Info.plist */ = {isa = PBXFileReference; fileEncoding = 4; lastKnownFileType = text.plist.xml; path = "GoogleService-Info.plist"; sourceTree = "<group>"; };
		3FC425672462EA7800A3279B /* LoginViewController.swift */ = {isa = PBXFileReference; lastKnownFileType = sourcecode.swift; path = LoginViewController.swift; sourceTree = "<group>"; };
		3FC425692462EB5500A3279B /* SignupViewController.swift */ = {isa = PBXFileReference; lastKnownFileType = sourcecode.swift; path = SignupViewController.swift; sourceTree = "<group>"; tabWidth = 3; };
		3FC4256B2462EB9500A3279B /* Signup2ViewController.swift */ = {isa = PBXFileReference; lastKnownFileType = sourcecode.swift; path = Signup2ViewController.swift; sourceTree = "<group>"; };
		3FC4256D2462EBAC00A3279B /* SignupcameraViewController.swift */ = {isa = PBXFileReference; lastKnownFileType = sourcecode.swift; path = SignupcameraViewController.swift; sourceTree = "<group>"; };
		3FC4256F2462EBBB00A3279B /* CameraViewController.swift */ = {isa = PBXFileReference; lastKnownFileType = sourcecode.swift; path = CameraViewController.swift; sourceTree = "<group>"; };
		3FC425712462EBC900A3279B /* QRcodeViewController.swift */ = {isa = PBXFileReference; lastKnownFileType = sourcecode.swift; path = QRcodeViewController.swift; sourceTree = "<group>"; };
		3FC425732462EBEF00A3279B /* ContactbookViewController.swift */ = {isa = PBXFileReference; lastKnownFileType = sourcecode.swift; path = ContactbookViewController.swift; sourceTree = "<group>"; };
		68F6DFA456235D4350CAA4D3 /* Pods-ProjectTests.debug.xcconfig */ = {isa = PBXFileReference; includeInIndex = 1; lastKnownFileType = text.xcconfig; name = "Pods-ProjectTests.debug.xcconfig"; path = "Target Support Files/Pods-ProjectTests/Pods-ProjectTests.debug.xcconfig"; sourceTree = "<group>"; };
		7FC25598E5F7EA5A26E1353F /* Pods-Project.debug.xcconfig */ = {isa = PBXFileReference; includeInIndex = 1; lastKnownFileType = text.xcconfig; name = "Pods-Project.debug.xcconfig"; path = "Target Support Files/Pods-Project/Pods-Project.debug.xcconfig"; sourceTree = "<group>"; };
		AFBF3D07A7D5AF5007663A38 /* Pods_Project_ProjectUITests.framework */ = {isa = PBXFileReference; explicitFileType = wrapper.framework; includeInIndex = 0; path = Pods_Project_ProjectUITests.framework; sourceTree = BUILT_PRODUCTS_DIR; };
		B7DF48081461CF622D883C81 /* Pods_Project.framework */ = {isa = PBXFileReference; explicitFileType = wrapper.framework; includeInIndex = 0; path = Pods_Project.framework; sourceTree = BUILT_PRODUCTS_DIR; };
		C5E604E5A6587459C99D5AEE /* Pods-Project-ProjectUITests.release.xcconfig */ = {isa = PBXFileReference; includeInIndex = 1; lastKnownFileType = text.xcconfig; name = "Pods-Project-ProjectUITests.release.xcconfig"; path = "Target Support Files/Pods-Project-ProjectUITests/Pods-Project-ProjectUITests.release.xcconfig"; sourceTree = "<group>"; };
		D7BD621DF7DAE3C123058017 /* Pods-Project-ProjectUITests.debug.xcconfig */ = {isa = PBXFileReference; includeInIndex = 1; lastKnownFileType = text.xcconfig; name = "Pods-Project-ProjectUITests.debug.xcconfig"; path = "Target Support Files/Pods-Project-ProjectUITests/Pods-Project-ProjectUITests.debug.xcconfig"; sourceTree = "<group>"; };
		F159A0E36945DB1DC6771D34 /* Pods-ProjectTests.release.xcconfig */ = {isa = PBXFileReference; includeInIndex = 1; lastKnownFileType = text.xcconfig; name = "Pods-ProjectTests.release.xcconfig"; path = "Target Support Files/Pods-ProjectTests/Pods-ProjectTests.release.xcconfig"; sourceTree = "<group>"; };
		F906FE98E8CF2E17EEC96D84 /* Pods-Project.release.xcconfig */ = {isa = PBXFileReference; includeInIndex = 1; lastKnownFileType = text.xcconfig; name = "Pods-Project.release.xcconfig"; path = "Target Support Files/Pods-Project/Pods-Project.release.xcconfig"; sourceTree = "<group>"; };
/* End PBXFileReference section */

/* Begin PBXFrameworksBuildPhase section */
		3F0498E224599B2E008862C2 /* Frameworks */ = {
			isa = PBXFrameworksBuildPhase;
			buildActionMask = 2147483647;
			files = (
				2F376CE4AD00D064263B6A66 /* Pods_Project.framework in Frameworks */,
			);
			runOnlyForDeploymentPostprocessing = 0;
		};
		3F0498F624599B35008862C2 /* Frameworks */ = {
			isa = PBXFrameworksBuildPhase;
			buildActionMask = 2147483647;
			files = (
				A77142EA2C80B43BBA579A25 /* Pods_ProjectTests.framework in Frameworks */,
			);
			runOnlyForDeploymentPostprocessing = 0;
		};
		3F04990124599B35008862C2 /* Frameworks */ = {
			isa = PBXFrameworksBuildPhase;
			buildActionMask = 2147483647;
			files = (
				88F0AA8BE8FE27DF511DFDE6 /* Pods_Project_ProjectUITests.framework in Frameworks */,
			);
			runOnlyForDeploymentPostprocessing = 0;
		};
/* End PBXFrameworksBuildPhase section */

/* Begin PBXGroup section */
		3D7DA42E2EC421BB78959101 /* Pods */ = {
			isa = PBXGroup;
			children = (
				7FC25598E5F7EA5A26E1353F /* Pods-Project.debug.xcconfig */,
				F906FE98E8CF2E17EEC96D84 /* Pods-Project.release.xcconfig */,
				D7BD621DF7DAE3C123058017 /* Pods-Project-ProjectUITests.debug.xcconfig */,
				C5E604E5A6587459C99D5AEE /* Pods-Project-ProjectUITests.release.xcconfig */,
				68F6DFA456235D4350CAA4D3 /* Pods-ProjectTests.debug.xcconfig */,
				F159A0E36945DB1DC6771D34 /* Pods-ProjectTests.release.xcconfig */,
			);
			path = Pods;
			sourceTree = "<group>";
		};
		3F0498DC24599B2E008862C2 = {
			isa = PBXGroup;
			children = (
				3F0498E724599B2E008862C2 /* Project */,
				3F0498FC24599B35008862C2 /* ProjectTests */,
				3F04990724599B35008862C2 /* ProjectUITests */,
				3F0498E624599B2E008862C2 /* Products */,
				3D7DA42E2EC421BB78959101 /* Pods */,
				DA300C5921B1E4AB85E98A7F /* Frameworks */,
			);
			sourceTree = "<group>";
		};
		3F0498E624599B2E008862C2 /* Products */ = {
			isa = PBXGroup;
			children = (
				3F0498E524599B2E008862C2 /* Project.app */,
				3F0498F924599B35008862C2 /* ProjectTests.xctest */,
				3F04990424599B35008862C2 /* ProjectUITests.xctest */,
			);
			name = Products;
			sourceTree = "<group>";
		};
		3F0498E724599B2E008862C2 /* Project */ = {
			isa = PBXGroup;
			children = (
				3F7C15EE2462D8FB004128E1 /* GoogleService-Info.plist */,
				3F0498E824599B2E008862C2 /* AppDelegate.swift */,
				3FC425692462EB5500A3279B /* SignupViewController.swift */,
				3F0498EC24599B2E008862C2 /* Main.storyboard */,
				3F0498EF24599B35008862C2 /* Assets.xcassets */,
				3F0498F124599B35008862C2 /* LaunchScreen.storyboard */,
				3F0498F424599B35008862C2 /* Info.plist */,
				3FC425672462EA7800A3279B /* LoginViewController.swift */,
				3FC4256B2462EB9500A3279B /* Signup2ViewController.swift */,
				3FC4256D2462EBAC00A3279B /* SignupcameraViewController.swift */,
				3FC4256F2462EBBB00A3279B /* CameraViewController.swift */,
				3FC425712462EBC900A3279B /* QRcodeViewController.swift */,
				3FC425732462EBEF00A3279B /* ContactbookViewController.swift */,
			);
			path = Project;
			sourceTree = "<group>";
		};
		3F0498FC24599B35008862C2 /* ProjectTests */ = {
			isa = PBXGroup;
			children = (
				3F0498FD24599B35008862C2 /* ProjectTests.swift */,
				3F0498FF24599B35008862C2 /* Info.plist */,
			);
			path = ProjectTests;
			sourceTree = "<group>";
		};
		3F04990724599B35008862C2 /* ProjectUITests */ = {
			isa = PBXGroup;
			children = (
				3F04990824599B35008862C2 /* ProjectUITests.swift */,
				3F04990A24599B35008862C2 /* Info.plist */,
			);
			path = ProjectUITests;
			sourceTree = "<group>";
		};
		DA300C5921B1E4AB85E98A7F /* Frameworks */ = {
			isa = PBXGroup;
			children = (
				B7DF48081461CF622D883C81 /* Pods_Project.framework */,
				AFBF3D07A7D5AF5007663A38 /* Pods_Project_ProjectUITests.framework */,
				17CECFCC421E57C875E84049 /* Pods_ProjectTests.framework */,
			);
			name = Frameworks;
			sourceTree = "<group>";
		};
/* End PBXGroup section */

/* Begin PBXNativeTarget section */
		3F0498E424599B2E008862C2 /* Project */ = {
			isa = PBXNativeTarget;
			buildConfigurationList = 3F04990D24599B35008862C2 /* Build configuration list for PBXNativeTarget "Project" */;
			buildPhases = (
				8F12A28C8F705864937ED9C8 /* [CP] Check Pods Manifest.lock */,
				3F0498E124599B2E008862C2 /* Sources */,
				3F0498E224599B2E008862C2 /* Frameworks */,
				3F0498E324599B2E008862C2 /* Resources */,
				717979BDFCB9FA281C2CF0DC /* [CP] Embed Pods Frameworks */,
			);
			buildRules = (
			);
			dependencies = (
			);
			name = Project;
			productName = Project;
			productReference = 3F0498E524599B2E008862C2 /* Project.app */;
			productType = "com.apple.product-type.application";
		};
		3F0498F824599B35008862C2 /* ProjectTests */ = {
			isa = PBXNativeTarget;
			buildConfigurationList = 3F04991024599B35008862C2 /* Build configuration list for PBXNativeTarget "ProjectTests" */;
			buildPhases = (
				630A0B0B3EC24EF079F98760 /* [CP] Check Pods Manifest.lock */,
				3F0498F524599B35008862C2 /* Sources */,
				3F0498F624599B35008862C2 /* Frameworks */,
				3F0498F724599B35008862C2 /* Resources */,
			);
			buildRules = (
			);
			dependencies = (
				3F0498FB24599B35008862C2 /* PBXTargetDependency */,
			);
			name = ProjectTests;
			productName = ProjectTests;
			productReference = 3F0498F924599B35008862C2 /* ProjectTests.xctest */;
			productType = "com.apple.product-type.bundle.unit-test";
		};
		3F04990324599B35008862C2 /* ProjectUITests */ = {
			isa = PBXNativeTarget;
			buildConfigurationList = 3F04991324599B35008862C2 /* Build configuration list for PBXNativeTarget "ProjectUITests" */;
			buildPhases = (
				F1B118815FD3A75B0F4937CA /* [CP] Check Pods Manifest.lock */,
				3F04990024599B35008862C2 /* Sources */,
				3F04990124599B35008862C2 /* Frameworks */,
				3F04990224599B35008862C2 /* Resources */,
				BB74B12F8E3BC003FA5447B8 /* [CP] Embed Pods Frameworks */,
			);
			buildRules = (
			);
			dependencies = (
				3F04990624599B35008862C2 /* PBXTargetDependency */,
			);
			name = ProjectUITests;
			productName = ProjectUITests;
			productReference = 3F04990424599B35008862C2 /* ProjectUITests.xctest */;
			productType = "com.apple.product-type.bundle.ui-testing";
		};
/* End PBXNativeTarget section */

/* Begin PBXProject section */
		3F0498DD24599B2E008862C2 /* Project object */ = {
			isa = PBXProject;
			attributes = {
				LastSwiftUpdateCheck = 1010;
				LastUpgradeCheck = 1010;
				ORGANIZATIONNAME = huihuiteam;
				TargetAttributes = {
					3F0498E424599B2E008862C2 = {
						CreatedOnToolsVersion = 10.1;
					};
					3F0498F824599B35008862C2 = {
						CreatedOnToolsVersion = 10.1;
						TestTargetID = 3F0498E424599B2E008862C2;
					};
					3F04990324599B35008862C2 = {
						CreatedOnToolsVersion = 10.1;
						TestTargetID = 3F0498E424599B2E008862C2;
					};
				};
			};
			buildConfigurationList = 3F0498E024599B2E008862C2 /* Build configuration list for PBXProject "Project" */;
			compatibilityVersion = "Xcode 9.3";
			developmentRegion = en;
			hasScannedForEncodings = 0;
			knownRegions = (
				en,
				Base,
			);
			mainGroup = 3F0498DC24599B2E008862C2;
			productRefGroup = 3F0498E624599B2E008862C2 /* Products */;
			projectDirPath = "";
			projectRoot = "";
			targets = (
				3F0498E424599B2E008862C2 /* Project */,
				3F0498F824599B35008862C2 /* ProjectTests */,
				3F04990324599B35008862C2 /* ProjectUITests */,
			);
		};
/* End PBXProject section */

/* Begin PBXResourcesBuildPhase section */
		3F0498E324599B2E008862C2 /* Resources */ = {
			isa = PBXResourcesBuildPhase;
			buildActionMask = 2147483647;
			files = (
				3F0498F324599B35008862C2 /* LaunchScreen.storyboard in Resources */,
				3F7C15EF2462D8FC004128E1 /* GoogleService-Info.plist in Resources */,
				3F0498F024599B35008862C2 /* Assets.xcassets in Resources */,
				3F0498EE24599B2E008862C2 /* Main.storyboard in Resources */,
			);
			runOnlyForDeploymentPostprocessing = 0;
		};
		3F0498F724599B35008862C2 /* Resources */ = {
			isa = PBXResourcesBuildPhase;
			buildActionMask = 2147483647;
			files = (
			);
			runOnlyForDeploymentPostprocessing = 0;
		};
		3F04990224599B35008862C2 /* Resources */ = {
			isa = PBXResourcesBuildPhase;
			buildActionMask = 2147483647;
			files = (
			);
			runOnlyForDeploymentPostprocessing = 0;
		};
/* End PBXResourcesBuildPhase section */

/* Begin PBXShellScriptBuildPhase section */
		630A0B0B3EC24EF079F98760 /* [CP] Check Pods Manifest.lock */ = {
			isa = PBXShellScriptBuildPhase;
			buildActionMask = 2147483647;
			files = (
			);
			inputFileListPaths = (
			);
			inputPaths = (
				"${PODS_PODFILE_DIR_PATH}/Podfile.lock",
				"${PODS_ROOT}/Manifest.lock",
			);
			name = "[CP] Check Pods Manifest.lock";
			outputFileListPaths = (
			);
			outputPaths = (
				"$(DERIVED_FILE_DIR)/Pods-ProjectTests-checkManifestLockResult.txt",
			);
			runOnlyForDeploymentPostprocessing = 0;
			shellPath = /bin/sh;
			shellScript = "diff \"${PODS_PODFILE_DIR_PATH}/Podfile.lock\" \"${PODS_ROOT}/Manifest.lock\" > /dev/null\nif [ $? != 0 ] ; then\n    # print error to STDERR\n    echo \"error: The sandbox is not in sync with the Podfile.lock. Run 'pod install' or update your CocoaPods installation.\" >&2\n    exit 1\nfi\n# This output is used by Xcode 'outputs' to avoid re-running this script phase.\necho \"SUCCESS\" > \"${SCRIPT_OUTPUT_FILE_0}\"\n";
			showEnvVarsInLog = 0;
		};
		717979BDFCB9FA281C2CF0DC /* [CP] Embed Pods Frameworks */ = {
			isa = PBXShellScriptBuildPhase;
			buildActionMask = 2147483647;
			files = (
			);
			inputFileListPaths = (
				"${PODS_ROOT}/Target Support Files/Pods-Project/Pods-Project-frameworks-${CONFIGURATION}-input-files.xcfilelist",
			);
			name = "[CP] Embed Pods Frameworks";
			outputFileListPaths = (
				"${PODS_ROOT}/Target Support Files/Pods-Project/Pods-Project-frameworks-${CONFIGURATION}-output-files.xcfilelist",
			);
			runOnlyForDeploymentPostprocessing = 0;
			shellPath = /bin/sh;
			shellScript = "\"${PODS_ROOT}/Target Support Files/Pods-Project/Pods-Project-frameworks.sh\"\n";
			showEnvVarsInLog = 0;
		};
		8F12A28C8F705864937ED9C8 /* [CP] Check Pods Manifest.lock */ = {
			isa = PBXShellScriptBuildPhase;
			buildActionMask = 2147483647;
			files = (
			);
			inputFileListPaths = (
			);
			inputPaths = (
				"${PODS_PODFILE_DIR_PATH}/Podfile.lock",
				"${PODS_ROOT}/Manifest.lock",
			);
			name = "[CP] Check Pods Manifest.lock";
			outputFileListPaths = (
			);
			outputPaths = (
				"$(DERIVED_FILE_DIR)/Pods-Project-checkManifestLockResult.txt",
			);
			runOnlyForDeploymentPostprocessing = 0;
			shellPath = /bin/sh;
			shellScript = "diff \"${PODS_PODFILE_DIR_PATH}/Podfile.lock\" \"${PODS_ROOT}/Manifest.lock\" > /dev/null\nif [ $? != 0 ] ; then\n    # print error to STDERR\n    echo \"error: The sandbox is not in sync with the Podfile.lock. Run 'pod install' or update your CocoaPods installation.\" >&2\n    exit 1\nfi\n# This output is used by Xcode 'outputs' to avoid re-running this script phase.\necho \"SUCCESS\" > \"${SCRIPT_OUTPUT_FILE_0}\"\n";
			showEnvVarsInLog = 0;
		};
		BB74B12F8E3BC003FA5447B8 /* [CP] Embed Pods Frameworks */ = {
			isa = PBXShellScriptBuildPhase;
			buildActionMask = 2147483647;
			files = (
			);
			inputFileListPaths = (
				"${PODS_ROOT}/Target Support Files/Pods-Project-ProjectUITests/Pods-Project-ProjectUITests-frameworks-${CONFIGURATION}-input-files.xcfilelist",
			);
			name = "[CP] Embed Pods Frameworks";
			outputFileListPaths = (
				"${PODS_ROOT}/Target Support Files/Pods-Project-ProjectUITests/Pods-Project-ProjectUITests-frameworks-${CONFIGURATION}-output-files.xcfilelist",
			);
			runOnlyForDeploymentPostprocessing = 0;
			shellPath = /bin/sh;
			shellScript = "\"${PODS_ROOT}/Target Support Files/Pods-Project-ProjectUITests/Pods-Project-ProjectUITests-frameworks.sh\"\n";
			showEnvVarsInLog = 0;
		};
		F1B118815FD3A75B0F4937CA /* [CP] Check Pods Manifest.lock */ = {
			isa = PBXShellScriptBuildPhase;
			buildActionMask = 2147483647;
			files = (
			);
			inputFileListPaths = (
			);
			inputPaths = (
				"${PODS_PODFILE_DIR_PATH}/Podfile.lock",
				"${PODS_ROOT}/Manifest.lock",
			);
			name = "[CP] Check Pods Manifest.lock";
			outputFileListPaths = (
			);
			outputPaths = (
				"$(DERIVED_FILE_DIR)/Pods-Project-ProjectUITests-checkManifestLockResult.txt",
			);
			runOnlyForDeploymentPostprocessing = 0;
			shellPath = /bin/sh;
			shellScript = "diff \"${PODS_PODFILE_DIR_PATH}/Podfile.lock\" \"${PODS_ROOT}/Manifest.lock\" > /dev/null\nif [ $? != 0 ] ; then\n    # print error to STDERR\n    echo \"error: The sandbox is not in sync with the Podfile.lock. Run 'pod install' or update your CocoaPods installation.\" >&2\n    exit 1\nfi\n# This output is used by Xcode 'outputs' to avoid re-running this script phase.\necho \"SUCCESS\" > \"${SCRIPT_OUTPUT_FILE_0}\"\n";
			showEnvVarsInLog = 0;
		};
/* End PBXShellScriptBuildPhase section */

/* Begin PBXSourcesBuildPhase section */
		3F0498E124599B2E008862C2 /* Sources */ = {
			isa = PBXSourcesBuildPhase;
			buildActionMask = 2147483647;
			files = (
				3FC425742462EBEF00A3279B /* ContactbookViewController.swift in Sources */,
				3FC4256E2462EBAC00A3279B /* SignupcameraViewController.swift in Sources */,
				3FC425682462EA7800A3279B /* LoginViewController.swift in Sources */,
				3FC4256C2462EB9500A3279B /* Signup2ViewController.swift in Sources */,
				3FC4256A2462EB5500A3279B /* SignupViewController.swift in Sources */,
				3F0498E924599B2E008862C2 /* AppDelegate.swift in Sources */,
				3FC425722462EBC900A3279B /* QRcodeViewController.swift in Sources */,
				3FC425702462EBBB00A3279B /* CameraViewController.swift in Sources */,
			);
			runOnlyForDeploymentPostprocessing = 0;
		};
		3F0498F524599B35008862C2 /* Sources */ = {
			isa = PBXSourcesBuildPhase;
			buildActionMask = 2147483647;
			files = (
				3F0498FE24599B35008862C2 /* ProjectTests.swift in Sources */,
			);
			runOnlyForDeploymentPostprocessing = 0;
		};
		3F04990024599B35008862C2 /* Sources */ = {
			isa = PBXSourcesBuildPhase;
			buildActionMask = 2147483647;
			files = (
				3F04990924599B35008862C2 /* ProjectUITests.swift in Sources */,
			);
			runOnlyForDeploymentPostprocessing = 0;
		};
/* End PBXSourcesBuildPhase section */

/* Begin PBXTargetDependency section */
		3F0498FB24599B35008862C2 /* PBXTargetDependency */ = {
			isa = PBXTargetDependency;
			target = 3F0498E424599B2E008862C2 /* Project */;
			targetProxy = 3F0498FA24599B35008862C2 /* PBXContainerItemProxy */;
		};
		3F04990624599B35008862C2 /* PBXTargetDependency */ = {
			isa = PBXTargetDependency;
			target = 3F0498E424599B2E008862C2 /* Project */;
			targetProxy = 3F04990524599B35008862C2 /* PBXContainerItemProxy */;
		};
/* End PBXTargetDependency section */

/* Begin PBXVariantGroup section */
		3F0498EC24599B2E008862C2 /* Main.storyboard */ = {
			isa = PBXVariantGroup;
			children = (
				3F0498ED24599B2E008862C2 /* Base */,
			);
			name = Main.storyboard;
			sourceTree = "<group>";
		};
		3F0498F124599B35008862C2 /* LaunchScreen.storyboard */ = {
			isa = PBXVariantGroup;
			children = (
				3F0498F224599B35008862C2 /* Base */,
			);
			name = LaunchScreen.storyboard;
			sourceTree = "<group>";
		};
/* End PBXVariantGroup section */

/* Begin XCBuildConfiguration section */
		3F04990B24599B35008862C2 /* Debug */ = {
			isa = XCBuildConfiguration;
			buildSettings = {
				ALWAYS_SEARCH_USER_PATHS = NO;
				CLANG_ANALYZER_NONNULL = YES;
				CLANG_ANALYZER_NUMBER_OBJECT_CONVERSION = YES_AGGRESSIVE;
				CLANG_CXX_LANGUAGE_STANDARD = "gnu++14";
				CLANG_CXX_LIBRARY = "libc++";
				CLANG_ENABLE_MODULES = YES;
				CLANG_ENABLE_OBJC_ARC = YES;
				CLANG_ENABLE_OBJC_WEAK = YES;
				CLANG_WARN_BLOCK_CAPTURE_AUTORELEASING = YES;
				CLANG_WARN_BOOL_CONVERSION = YES;
				CLANG_WARN_COMMA = YES;
				CLANG_WARN_CONSTANT_CONVERSION = YES;
				CLANG_WARN_DEPRECATED_OBJC_IMPLEMENTATIONS = YES;
				CLANG_WARN_DIRECT_OBJC_ISA_USAGE = YES_ERROR;
				CLANG_WARN_DOCUMENTATION_COMMENTS = YES;
				CLANG_WARN_EMPTY_BODY = YES;
				CLANG_WARN_ENUM_CONVERSION = YES;
				CLANG_WARN_INFINITE_RECURSION = YES;
				CLANG_WARN_INT_CONVERSION = YES;
				CLANG_WARN_NON_LITERAL_NULL_CONVERSION = YES;
				CLANG_WARN_OBJC_IMPLICIT_RETAIN_SELF = YES;
				CLANG_WARN_OBJC_LITERAL_CONVERSION = YES;
				CLANG_WARN_OBJC_ROOT_CLASS = YES_ERROR;
				CLANG_WARN_RANGE_LOOP_ANALYSIS = YES;
				CLANG_WARN_STRICT_PROTOTYPES = YES;
				CLANG_WARN_SUSPICIOUS_MOVE = YES;
				CLANG_WARN_UNGUARDED_AVAILABILITY = YES_AGGRESSIVE;
				CLANG_WARN_UNREACHABLE_CODE = YES;
				CLANG_WARN__DUPLICATE_METHOD_MATCH = YES;
				CODE_SIGN_IDENTITY = "iPhone Developer";
				COPY_PHASE_STRIP = NO;
				DEBUG_INFORMATION_FORMAT = dwarf;
				ENABLE_STRICT_OBJC_MSGSEND = YES;
				ENABLE_TESTABILITY = YES;
				GCC_C_LANGUAGE_STANDARD = gnu11;
				GCC_DYNAMIC_NO_PIC = NO;
				GCC_NO_COMMON_BLOCKS = YES;
				GCC_OPTIMIZATION_LEVEL = 0;
				GCC_PREPROCESSOR_DEFINITIONS = (
					"DEBUG=1",
					"$(inherited)",
				);
				GCC_WARN_64_TO_32_BIT_CONVERSION = YES;
				GCC_WARN_ABOUT_RETURN_TYPE = YES_ERROR;
				GCC_WARN_UNDECLARED_SELECTOR = YES;
				GCC_WARN_UNINITIALIZED_AUTOS = YES_AGGRESSIVE;
				GCC_WARN_UNUSED_FUNCTION = YES;
				GCC_WARN_UNUSED_VARIABLE = YES;
				IPHONEOS_DEPLOYMENT_TARGET = 12.1;
				MTL_ENABLE_DEBUG_INFO = INCLUDE_SOURCE;
				MTL_FAST_MATH = YES;
				ONLY_ACTIVE_ARCH = YES;
				SDKROOT = iphoneos;
				SWIFT_ACTIVE_COMPILATION_CONDITIONS = DEBUG;
				SWIFT_OPTIMIZATION_LEVEL = "-Onone";
			};
			name = Debug;
		};
		3F04990C24599B35008862C2 /* Release */ = {
			isa = XCBuildConfiguration;
			buildSettings = {
				ALWAYS_SEARCH_USER_PATHS = NO;
				CLANG_ANALYZER_NONNULL = YES;
				CLANG_ANALYZER_NUMBER_OBJECT_CONVERSION = YES_AGGRESSIVE;
				CLANG_CXX_LANGUAGE_STANDARD = "gnu++14";
				CLANG_CXX_LIBRARY = "libc++";
				CLANG_ENABLE_MODULES = YES;
				CLANG_ENABLE_OBJC_ARC = YES;
				CLANG_ENABLE_OBJC_WEAK = YES;
				CLANG_WARN_BLOCK_CAPTURE_AUTORELEASING = YES;
				CLANG_WARN_BOOL_CONVERSION = YES;
				CLANG_WARN_COMMA = YES;
				CLANG_WARN_CONSTANT_CONVERSION = YES;
				CLANG_WARN_DEPRECATED_OBJC_IMPLEMENTATIONS = YES;
				CLANG_WARN_DIRECT_OBJC_ISA_USAGE = YES_ERROR;
				CLANG_WARN_DOCUMENTATION_COMMENTS = YES;
				CLANG_WARN_EMPTY_BODY = YES;
				CLANG_WARN_ENUM_CONVERSION = YES;
				CLANG_WARN_INFINITE_RECURSION = YES;
				CLANG_WARN_INT_CONVERSION = YES;
				CLANG_WARN_NON_LITERAL_NULL_CONVERSION = YES;
				CLANG_WARN_OBJC_IMPLICIT_RETAIN_SELF = YES;
				CLANG_WARN_OBJC_LITERAL_CONVERSION = YES;
				CLANG_WARN_OBJC_ROOT_CLASS = YES_ERROR;
				CLANG_WARN_RANGE_LOOP_ANALYSIS = YES;
				CLANG_WARN_STRICT_PROTOTYPES = YES;
				CLANG_WARN_SUSPICIOUS_MOVE = YES;
				CLANG_WARN_UNGUARDED_AVAILABILITY = YES_AGGRESSIVE;
				CLANG_WARN_UNREACHABLE_CODE = YES;
				CLANG_WARN__DUPLICATE_METHOD_MATCH = YES;
				CODE_SIGN_IDENTITY = "iPhone Developer";
				COPY_PHASE_STRIP = NO;
				DEBUG_INFORMATION_FORMAT = "dwarf-with-dsym";
				ENABLE_NS_ASSERTIONS = NO;
				ENABLE_STRICT_OBJC_MSGSEND = YES;
				GCC_C_LANGUAGE_STANDARD = gnu11;
				GCC_NO_COMMON_BLOCKS = YES;
				GCC_WARN_64_TO_32_BIT_CONVERSION = YES;
				GCC_WARN_ABOUT_RETURN_TYPE = YES_ERROR;
				GCC_WARN_UNDECLARED_SELECTOR = YES;
				GCC_WARN_UNINITIALIZED_AUTOS = YES_AGGRESSIVE;
				GCC_WARN_UNUSED_FUNCTION = YES;
				GCC_WARN_UNUSED_VARIABLE = YES;
				IPHONEOS_DEPLOYMENT_TARGET = 12.1;
				MTL_ENABLE_DEBUG_INFO = NO;
				MTL_FAST_MATH = YES;
				SDKROOT = iphoneos;
				SWIFT_COMPILATION_MODE = wholemodule;
				SWIFT_OPTIMIZATION_LEVEL = "-O";
				VALIDATE_PRODUCT = YES;
			};
			name = Release;
		};
		3F04990E24599B35008862C2 /* Debug */ = {
			isa = XCBuildConfiguration;
			baseConfigurationReference = 7FC25598E5F7EA5A26E1353F /* Pods-Project.debug.xcconfig */;
			buildSettings = {
				ASSETCATALOG_COMPILER_APPICON_NAME = AppIcon;
				CODE_SIGN_STYLE = Automatic;
				DEVELOPMENT_TEAM = DHH9JJ9K4N;
				INFOPLIST_FILE = Project/Info.plist;
				IPHONEOS_DEPLOYMENT_TARGET = 9.0;
				LD_RUNPATH_SEARCH_PATHS = (
					"$(inherited)",
					"@executable_path/Frameworks",
				);
				PRODUCT_BUNDLE_IDENTIFIER = cancan.Project;
				PRODUCT_NAME = "$(TARGET_NAME)";
				SWIFT_VERSION = 4.2;
				TARGETED_DEVICE_FAMILY = 1;
			};
			name = Debug;
		};
		3F04990F24599B35008862C2 /* Release */ = {
			isa = XCBuildConfiguration;
			baseConfigurationReference = F906FE98E8CF2E17EEC96D84 /* Pods-Project.release.xcconfig */;
			buildSettings = {
				ASSETCATALOG_COMPILER_APPICON_NAME = AppIcon;
				CODE_SIGN_STYLE = Automatic;
				DEVELOPMENT_TEAM = DHH9JJ9K4N;
				INFOPLIST_FILE = Project/Info.plist;
				IPHONEOS_DEPLOYMENT_TARGET = 9.0;
				LD_RUNPATH_SEARCH_PATHS = (
					"$(inherited)",
					"@executable_path/Frameworks",
				);
				PRODUCT_BUNDLE_IDENTIFIER = cancan.Project;
				PRODUCT_NAME = "$(TARGET_NAME)";
				SWIFT_VERSION = 4.2;
				TARGETED_DEVICE_FAMILY = 1;
			};
			name = Release;
		};
		3F04991124599B35008862C2 /* Debug */ = {
			isa = XCBuildConfiguration;
			baseConfigurationReference = 68F6DFA456235D4350CAA4D3 /* Pods-ProjectTests.debug.xcconfig */;
			buildSettings = {
				ALWAYS_EMBED_SWIFT_STANDARD_LIBRARIES = YES;
				BUNDLE_LOADER = "$(TEST_HOST)";
				CODE_SIGN_STYLE = Automatic;
				INFOPLIST_FILE = ProjectTests/Info.plist;
				LD_RUNPATH_SEARCH_PATHS = (
					"$(inherited)",
					"@executable_path/Frameworks",
					"@loader_path/Frameworks",
				);
				PRODUCT_BUNDLE_IDENTIFIER = huihuiteam.ProjectTests;
				PRODUCT_NAME = "$(TARGET_NAME)";
				SWIFT_VERSION = 4.2;
				TARGETED_DEVICE_FAMILY = "1,2";
				TEST_HOST = "$(BUILT_PRODUCTS_DIR)/Project.app/Project";
			};
			name = Debug;
		};
		3F04991224599B35008862C2 /* Release */ = {
			isa = XCBuildConfiguration;
			baseConfigurationReference = F159A0E36945DB1DC6771D34 /* Pods-ProjectTests.release.xcconfig */;
			buildSettings = {
				ALWAYS_EMBED_SWIFT_STANDARD_LIBRARIES = YES;
				BUNDLE_LOADER = "$(TEST_HOST)";
				CODE_SIGN_STYLE = Automatic;
				INFOPLIST_FILE = ProjectTests/Info.plist;
				LD_RUNPATH_SEARCH_PATHS = (
					"$(inherited)",
					"@executable_path/Frameworks",
					"@loader_path/Frameworks",
				);
				PRODUCT_BUNDLE_IDENTIFIER = huihuiteam.ProjectTests;
				PRODUCT_NAME = "$(TARGET_NAME)";
				SWIFT_VERSION = 4.2;
				TARGETED_DEVICE_FAMILY = "1,2";
				TEST_HOST = "$(BUILT_PRODUCTS_DIR)/Project.app/Project";
			};
			name = Release;
		};
		3F04991424599B35008862C2 /* Debug */ = {
			isa = XCBuildConfiguration;
			baseConfigurationReference = D7BD621DF7DAE3C123058017 /* Pods-Project-ProjectUITests.debug.xcconfig */;
			buildSettings = {
				ALWAYS_EMBED_SWIFT_STANDARD_LIBRARIES = YES;
				CODE_SIGN_STYLE = Automatic;
				INFOPLIST_FILE = ProjectUITests/Info.plist;
				LD_RUNPATH_SEARCH_PATHS = (
					"$(inherited)",
					"@executable_path/Frameworks",
					"@loader_path/Frameworks",
				);
				PRODUCT_BUNDLE_IDENTIFIER = huihuiteam.ProjectUITests;
				PRODUCT_NAME = "$(TARGET_NAME)";
				SWIFT_VERSION = 4.2;
				TARGETED_DEVICE_FAMILY = "1,2";
				TEST_TARGET_NAME = Project;
			};
			name = Debug;
		};
		3F04991524599B35008862C2 /* Release */ = {
			isa = XCBuildConfiguration;
			baseConfigurationReference = C5E604E5A6587459C99D5AEE /* Pods-Project-ProjectUITests.release.xcconfig */;
			buildSettings = {
				ALWAYS_EMBED_SWIFT_STANDARD_LIBRARIES = YES;
				CODE_SIGN_STYLE = Automatic;
				INFOPLIST_FILE = ProjectUITests/Info.plist;
				LD_RUNPATH_SEARCH_PATHS = (
					"$(inherited)",
					"@executable_path/Frameworks",
					"@loader_path/Frameworks",
				);
				PRODUCT_BUNDLE_IDENTIFIER = huihuiteam.ProjectUITests;
				PRODUCT_NAME = "$(TARGET_NAME)";
				SWIFT_VERSION = 4.2;
				TARGETED_DEVICE_FAMILY = "1,2";
				TEST_TARGET_NAME = Project;
			};
			name = Release;
		};
/* End XCBuildConfiguration section */

/* Begin XCConfigurationList section */
		3F0498E024599B2E008862C2 /* Build configuration list for PBXProject "Project" */ = {
			isa = XCConfigurationList;
			buildConfigurations = (
				3F04990B24599B35008862C2 /* Debug */,
				3F04990C24599B35008862C2 /* Release */,
			);
			defaultConfigurationIsVisible = 0;
			defaultConfigurationName = Release;
		};
		3F04990D24599B35008862C2 /* Build configuration list for PBXNativeTarget "Project" */ = {
			isa = XCConfigurationList;
			buildConfigurations = (
				3F04990E24599B35008862C2 /* Debug */,
				3F04990F24599B35008862C2 /* Release */,
			);
			defaultConfigurationIsVisible = 0;
			defaultConfigurationName = Release;
		};
		3F04991024599B35008862C2 /* Build configuration list for PBXNativeTarget "ProjectTests" */ = {
			isa = XCConfigurationList;
			buildConfigurations = (
				3F04991124599B35008862C2 /* Debug */,
				3F04991224599B35008862C2 /* Release */,
			);
			defaultConfigurationIsVisible = 0;
			defaultConfigurationName = Release;
		};
		3F04991324599B35008862C2 /* Build configuration list for PBXNativeTarget "ProjectUITests" */ = {
			isa = XCConfigurationList;
			buildConfigurations = (
				3F04991424599B35008862C2 /* Debug */,
				3F04991524599B35008862C2 /* Release */,
			);
			defaultConfigurationIsVisible = 0;
			defaultConfigurationName = Release;
		};
/* End XCConfigurationList section */
	};
	rootObject = 3F0498DD24599B2E008862C2 /* Project object */;
}
