// !$*UTF8*$!
{
	archiveVersion = 1;
	classes = {
	};
	objectVersion = 50;
	objects = {

/* Begin PBXBuildFile section */
		3F0498E924599B2E008862C2 /* AppDelegate.swift in Sources */ = {isa = PBXBuildFile; fileRef = 3F0498E824599B2E008862C2 /* AppDelegate.swift */; };
		3F0498EB24599B2E008862C2 /* ViewController.swift in Sources */ = {isa = PBXBuildFile; fileRef = 3F0498EA24599B2E008862C2 /* ViewController.swift */; };
		3F0498EE24599B2E008862C2 /* Main.storyboard in Resources */ = {isa = PBXBuildFile; fileRef = 3F0498EC24599B2E008862C2 /* Main.storyboard */; };
		3F0498F024599B35008862C2 /* Assets.xcassets in Resources */ = {isa = PBXBuildFile; fileRef = 3F0498EF24599B35008862C2 /* Assets.xcassets */; };
		3F0498F324599B35008862C2 /* LaunchScreen.storyboard in Resources */ = {isa = PBXBuildFile; fileRef = 3F0498F124599B35008862C2 /* LaunchScreen.storyboard */; };
		3F0498FE24599B35008862C2 /* ProjectTests.swift in Sources */ = {isa = PBXBuildFile; fileRef = 3F0498FD24599B35008862C2 /* ProjectTests.swift */; };
		3F04990924599B35008862C2 /* ProjectUITests.swift in Sources */ = {isa = PBXBuildFile; fileRef = 3F04990824599B35008862C2 /* ProjectUITests.swift */; };
		3F04991724599D06008862C2 /* Login.swift in Sources */ = {isa = PBXBuildFile; fileRef = 3F04991624599D06008862C2 /* Login.swift */; };
		3F0499292459A9B5008862C2 /* Signup.swift in Sources */ = {isa = PBXBuildFile; fileRef = 3F0499282459A9B5008862C2 /* Signup.swift */; };
/* End PBXBuildFile section */

/* Begin PBXContainerItemProxy section */
		3F0498FA24599B35008862C2 /* PBXContainerItemProxy */ = {
			isa = PBXContainerItemProxy;
			containerPortal = 3F0498DD24599B2E008862C2 /* Project object */;
			proxyType = 1;
			remoteGlobalIDString = 3F0498E424599B2E008862C2;
			remoteInfo = Project;
		};
		3F04990524599B35008862C2 /* PBXContainerItemProxy */ = {
			isa = PBXContainerItemProxy;
			containerPortal = 3F0498DD24599B2E008862C2 /* Project object */;
			proxyType = 1;
			remoteGlobalIDString = 3F0498E424599B2E008862C2;
			remoteInfo = Project;
		};
/* End PBXContainerItemProxy section */

/* Begin PBXFileReference section */
		3F0498E524599B2E008862C2 /* Project.app */ = {isa = PBXFileReference; explicitFileType = wrapper.application; includeInIndex = 0; path = Project.app; sourceTree = BUILT_PRODUCTS_DIR; };
		3F0498E824599B2E008862C2 /* AppDelegate.swift */ = {isa = PBXFileReference; lastKnownFileType = sourcecode.swift; path = AppDelegate.swift; sourceTree = "<group>"; };
		3F0498EA24599B2E008862C2 /* ViewController.swift */ = {isa = PBXFileReference; lastKnownFileType = sourcecode.swift; path = ViewController.swift; sourceTree = "<group>"; };
		3F0498ED24599B2E008862C2 /* Base */ = {isa = PBXFileReference; lastKnownFileType = file.storyboard; name = Base; path = Base.lproj/Main.storyboard; sourceTree = "<group>"; };
		3F0498EF24599B35008862C2 /* Assets.xcassets */ = {isa = PBXFileReference; lastKnownFileType = folder.assetcatalog; path = Assets.xcassets; sourceTree = "<group>"; };
		3F0498F224599B35008862C2 /* Base */ = {isa = PBXFileReference; lastKnownFileType = file.storyboard; name = Base; path = Base.lproj/LaunchScreen.storyboard; sourceTree = "<group>"; };
		3F0498F424599B35008862C2 /* Info.plist */ = {isa = PBXFileReference; lastKnownFileType = text.plist.xml; path = Info.plist; sourceTree = "<group>"; };
		3F0498F924599B35008862C2 /* ProjectTests.xctest */ = {isa = PBXFileReference; explicitFileType = wrapper.cfbundle; includeInIndex = 0; path = ProjectTests.xctest; sourceTree = BUILT_PRODUCTS_DIR; };
		3F0498FD24599B35008862C2 /* ProjectTests.swift */ = {isa = PBXFileReference; lastKnownFileType = sourcecode.swift; path = ProjectTests.swift; sourceTree = "<group>"; };
		3F0498FF24599B35008862C2 /* Info.plist */ = {isa = PBXFileReference; lastKnownFileType = text.plist.xml; path = Info.plist; sourceTree = "<group>"; };
		3F04990424599B35008862C2 /* ProjectUITests.xctest */ = {isa = PBXFileReference; explicitFileType = wrapper.cfbundle; includeInIndex = 0; path = ProjectUITests.xctest; sourceTree = BUILT_PRODUCTS_DIR; };
		3F04990824599B35008862C2 /* ProjectUITests.swift */ = {isa = PBXFileReference; lastKnownFileType = sourcecode.swift; path = ProjectUITests.swift; sourceTree = "<group>"; };
		3F04990A24599B35008862C2 /* Info.plist */ = {isa = PBXFileReference; lastKnownFileType = text.plist.xml; path = Info.plist; sourceTree = "<group>"; };
		3F04991624599D06008862C2 /* Login.swift */ = {isa = PBXFileReference; lastKnownFileType = sourcecode.swift; path = Login.swift; sourceTree = "<group>"; };
		3F0499282459A9B5008862C2 /* Signup.swift */ = {isa = PBXFileReference; lastKnownFileType = sourcecode.swift; path = Signup.swift; sourceTree = "<group>"; };
/* End PBXFileReference section */

/* Begin PBXFrameworksBuildPhase section */
		3F0498E224599B2E008862C2 /* Frameworks */ = {
			isa = PBXFrameworksBuildPhase;
			buildActionMask = 2147483647;
			files = (
			);
			runOnlyForDeploymentPostprocessing = 0;
		};
		3F0498F624599B35008862C2 /* Frameworks */ = {
			isa = PBXFrameworksBuildPhase;
			buildActionMask = 2147483647;
			files = (
			);
			runOnlyForDeploymentPostprocessing = 0;
		};
		3F04990124599B35008862C2 /* Frameworks */ = {
			isa = PBXFrameworksBuildPhase;
			buildActionMask = 2147483647;
			files = (
			);
			runOnlyForDeploymentPostprocessing = 0;
		};
/* End PBXFrameworksBuildPhase section */

/* Begin PBXGroup section */
		3F0498DC24599B2E008862C2 = {
			isa = PBXGroup;
			children = (
				3F0498E724599B2E008862C2 /* Project */,
				3F0498FC24599B35008862C2 /* ProjectTests */,
				3F04990724599B35008862C2 /* ProjectUITests */,
				3F0498E624599B2E008862C2 /* Products */,
			);
			sourceTree = "<group>";
		};
		3F0498E624599B2E008862C2 /* Products */ = {
			isa = PBXGroup;
			children = (
				3F0498E524599B2E008862C2 /* Project.app */,
				3F0498F924599B35008862C2 /* ProjectTests.xctest */,
				3F04990424599B35008862C2 /* ProjectUITests.xctest */,
			);
			name = Products;
			sourceTree = "<group>";
		};
		3F0498E724599B2E008862C2 /* Project */ = {
			isa = PBXGroup;
			children = (
				3F0498E824599B2E008862C2 /* AppDelegate.swift */,
				3F0498EA24599B2E008862C2 /* ViewController.swift */,
				3F0498EC24599B2E008862C2 /* Main.storyboard */,
				3F0498EF24599B35008862C2 /* Assets.xcassets */,
				3F0498F124599B35008862C2 /* LaunchScreen.storyboard */,
				3F0498F424599B35008862C2 /* Info.plist */,
				3F04991624599D06008862C2 /* Login.swift */,
				3F0499282459A9B5008862C2 /* Signup.swift */,
			);
			path = Project;
			sourceTree = "<group>";
		};
		3F0498FC24599B35008862C2 /* ProjectTests */ = {
			isa = PBXGroup;
			children = (
				3F0498FD24599B35008862C2 /* ProjectTests.swift */,
				3F0498FF24599B35008862C2 /* Info.plist */,
			);
			path = ProjectTests;
			sourceTree = "<group>";
		};
		3F04990724599B35008862C2 /* ProjectUITests */ = {
			isa = PBXGroup;
			children = (
				3F04990824599B35008862C2 /* ProjectUITests.swift */,
				3F04990A24599B35008862C2 /* Info.plist */,
			);
			path = ProjectUITests;
			sourceTree = "<group>";
		};
/* End PBXGroup section */

/* Begin PBXNativeTarget section */
		3F0498E424599B2E008862C2 /* Project */ = {
			isa = PBXNativeTarget;
			buildConfigurationList = 3F04990D24599B35008862C2 /* Build configuration list for PBXNativeTarget "Project" */;
			buildPhases = (
				3F0498E124599B2E008862C2 /* Sources */,
				3F0498E224599B2E008862C2 /* Frameworks */,
				3F0498E324599B2E008862C2 /* Resources */,
			);
			buildRules = (
			);
			dependencies = (
			);
			name = Project;
			productName = Project;
			productReference = 3F0498E524599B2E008862C2 /* Project.app */;
			productType = "com.apple.product-type.application";
		};
		3F0498F824599B35008862C2 /* ProjectTests */ = {
			isa = PBXNativeTarget;
			buildConfigurationList = 3F04991024599B35008862C2 /* Build configuration list for PBXNativeTarget "ProjectTests" */;
			buildPhases = (
				3F0498F524599B35008862C2 /* Sources */,
				3F0498F624599B35008862C2 /* Frameworks */,
				3F0498F724599B35008862C2 /* Resources */,
			);
			buildRules = (
			);
			dependencies = (
				3F0498FB24599B35008862C2 /* PBXTargetDependency */,
			);
			name = ProjectTests;
			productName = ProjectTests;
			productReference = 3F0498F924599B35008862C2 /* ProjectTests.xctest */;
			productType = "com.apple.product-type.bundle.unit-test";
		};
		3F04990324599B35008862C2 /* ProjectUITests */ = {
			isa = PBXNativeTarget;
			buildConfigurationList = 3F04991324599B35008862C2 /* Build configuration list for PBXNativeTarget "ProjectUITests" */;
			buildPhases = (
				3F04990024599B35008862C2 /* Sources */,
				3F04990124599B35008862C2 /* Frameworks */,
				3F04990224599B35008862C2 /* Resources */,
			);
			buildRules = (
			);
			dependencies = (
				3F04990624599B35008862C2 /* PBXTargetDependency */,
			);
			name = ProjectUITests;
			productName = ProjectUITests;
			productReference = 3F04990424599B35008862C2 /* ProjectUITests.xctest */;
			productType = "com.apple.product-type.bundle.ui-testing";
		};
/* End PBXNativeTarget section */

/* Begin PBXProject section */
		3F0498DD24599B2E008862C2 /* Project object */ = {
			isa = PBXProject;
			attributes = {
				LastSwiftUpdateCheck = 1010;
				LastUpgradeCheck = 1010;
				ORGANIZATIONNAME = huihuiteam;
				TargetAttributes = {
					3F0498E424599B2E008862C2 = {
						CreatedOnToolsVersion = 10.1;
					};
					3F0498F824599B35008862C2 = {
						CreatedOnToolsVersion = 10.1;
						TestTargetID = 3F0498E424599B2E008862C2;
					};
					3F04990324599B35008862C2 = {
						CreatedOnToolsVersion = 10.1;
						TestTargetID = 3F0498E424599B2E008862C2;
					};
				};
			};
			buildConfigurationList = 3F0498E024599B2E008862C2 /* Build configuration list for PBXProject "Project" */;
			compatibilityVersion = "Xcode 9.3";
			developmentRegion = en;
			hasScannedForEncodings = 0;
			knownRegions = (
				en,
				Base,
			);
			mainGroup = 3F0498DC24599B2E008862C2;
			productRefGroup = 3F0498E624599B2E008862C2 /* Products */;
			projectDirPath = "";
			projectRoot = "";
			targets = (
				3F0498E424599B2E008862C2 /* Project */,
				3F0498F824599B35008862C2 /* ProjectTests */,
				3F04990324599B35008862C2 /* ProjectUITests */,
			);
		};
/* End PBXProject section */

/* Begin PBXResourcesBuildPhase section */
		3F0498E324599B2E008862C2 /* Resources */ = {
			isa = PBXResourcesBuildPhase;
			buildActionMask = 2147483647;
			files = (
				3F0498F324599B35008862C2 /* LaunchScreen.storyboard in Resources */,
				3F0498F024599B35008862C2 /* Assets.xcassets in Resources */,
				3F0498EE24599B2E008862C2 /* Main.storyboard in Resources */,
			);
			runOnlyForDeploymentPostprocessing = 0;
		};
		3F0498F724599B35008862C2 /* Resources */ = {
			isa = PBXResourcesBuildPhase;
			buildActionMask = 2147483647;
			files = (
			);
			runOnlyForDeploymentPostprocessing = 0;
		};
		3F04990224599B35008862C2 /* Resources */ = {
			isa = PBXResourcesBuildPhase;
			buildActionMask = 2147483647;
			files = (
			);
			runOnlyForDeploymentPostprocessing = 0;
		};
/* End PBXResourcesBuildPhase section */

/* Begin PBXSourcesBuildPhase section */
		3F0498E124599B2E008862C2 /* Sources */ = {
			isa = PBXSourcesBuildPhase;
			buildActionMask = 2147483647;
			files = (
				3F04991724599D06008862C2 /* Login.swift in Sources */,
				3F0499292459A9B5008862C2 /* Signup.swift in Sources */,
				3F0498EB24599B2E008862C2 /* ViewController.swift in Sources */,
				3F0498E924599B2E008862C2 /* AppDelegate.swift in Sources */,
			);
			runOnlyForDeploymentPostprocessing = 0;
		};
		3F0498F524599B35008862C2 /* Sources */ = {
			isa = PBXSourcesBuildPhase;
			buildActionMask = 2147483647;
			files = (
				3F0498FE24599B35008862C2 /* ProjectTests.swift in Sources */,
			);
			runOnlyForDeploymentPostprocessing = 0;
		};
		3F04990024599B35008862C2 /* Sources */ = {
			isa = PBXSourcesBuildPhase;
			buildActionMask = 2147483647;
			files = (
				3F04990924599B35008862C2 /* ProjectUITests.swift in Sources */,
			);
			runOnlyForDeploymentPostprocessing = 0;
		};
/* End PBXSourcesBuildPhase section */

/* Begin PBXTargetDependency section */
		3F0498FB24599B35008862C2 /* PBXTargetDependency */ = {
			isa = PBXTargetDependency;
			target = 3F0498E424599B2E008862C2 /* Project */;
			targetProxy = 3F0498FA24599B35008862C2 /* PBXContainerItemProxy */;
		};
		3F04990624599B35008862C2 /* PBXTargetDependency */ = {
			isa = PBXTargetDependency;
			target = 3F0498E424599B2E008862C2 /* Project */;
			targetProxy = 3F04990524599B35008862C2 /* PBXContainerItemProxy */;
		};
/* End PBXTargetDependency section */

/* Begin PBXVariantGroup section */
		3F0498EC24599B2E008862C2 /* Main.storyboard */ = {
			isa = PBXVariantGroup;
			children = (
				3F0498ED24599B2E008862C2 /* Base */,
			);
			name = Main.storyboard;
			sourceTree = "<group>";
		};
		3F0498F124599B35008862C2 /* LaunchScreen.storyboard */ = {
			isa = PBXVariantGroup;
			children = (
				3F0498F224599B35008862C2 /* Base */,
			);
			name = LaunchScreen.storyboard;
			sourceTree = "<group>";
		};
/* End PBXVariantGroup section */

/* Begin XCBuildConfiguration section */
		3F04990B24599B35008862C2 /* Debug */ = {
			isa = XCBuildConfiguration;
			buildSettings = {
				ALWAYS_SEARCH_USER_PATHS = NO;
				CLANG_ANALYZER_NONNULL = YES;
				CLANG_ANALYZER_NUMBER_OBJECT_CONVERSION = YES_AGGRESSIVE;
				CLANG_CXX_LANGUAGE_STANDARD = "gnu++14";
				CLANG_CXX_LIBRARY = "libc++";
				CLANG_ENABLE_MODULES = YES;
				CLANG_ENABLE_OBJC_ARC = YES;
				CLANG_ENABLE_OBJC_WEAK = YES;
				CLANG_WARN_BLOCK_CAPTURE_AUTORELEASING = YES;
				CLANG_WARN_BOOL_CONVERSION = YES;
				CLANG_WARN_COMMA = YES;
				CLANG_WARN_CONSTANT_CONVERSION = YES;
				CLANG_WARN_DEPRECATED_OBJC_IMPLEMENTATIONS = YES;
				CLANG_WARN_DIRECT_OBJC_ISA_USAGE = YES_ERROR;
				CLANG_WARN_DOCUMENTATION_COMMENTS = YES;
				CLANG_WARN_EMPTY_BODY = YES;
				CLANG_WARN_ENUM_CONVERSION = YES;
				CLANG_WARN_INFINITE_RECURSION = YES;
				CLANG_WARN_INT_CONVERSION = YES;
				CLANG_WARN_NON_LITERAL_NULL_CONVERSION = YES;
				CLANG_WARN_OBJC_IMPLICIT_RETAIN_SELF = YES;
				CLANG_WARN_OBJC_LITERAL_CONVERSION = YES;
				CLANG_WARN_OBJC_ROOT_CLASS = YES_ERROR;
				CLANG_WARN_RANGE_LOOP_ANALYSIS = YES;
				CLANG_WARN_STRICT_PROTOTYPES = YES;
				CLANG_WARN_SUSPICIOUS_MOVE = YES;
				CLANG_WARN_UNGUARDED_AVAILABILITY = YES_AGGRESSIVE;
				CLANG_WARN_UNREACHABLE_CODE = YES;
				CLANG_WARN__DUPLICATE_METHOD_MATCH = YES;
				CODE_SIGN_IDENTITY = "iPhone Developer";
				COPY_PHASE_STRIP = NO;
				DEBUG_INFORMATION_FORMAT = dwarf;
				ENABLE_STRICT_OBJC_MSGSEND = YES;
				ENABLE_TESTABILITY = YES;
				GCC_C_LANGUAGE_STANDARD = gnu11;
				GCC_DYNAMIC_NO_PIC = NO;
				GCC_NO_COMMON_BLOCKS = YES;
				GCC_OPTIMIZATION_LEVEL = 0;
				GCC_PREPROCESSOR_DEFINITIONS = (
					"DEBUG=1",
					"$(inherited)",
				);
				GCC_WARN_64_TO_32_BIT_CONVERSION = YES;
				GCC_WARN_ABOUT_RETURN_TYPE = YES_ERROR;
				GCC_WARN_UNDECLARED_SELECTOR = YES;
				GCC_WARN_UNINITIALIZED_AUTOS = YES_AGGRESSIVE;
				GCC_WARN_UNUSED_FUNCTION = YES;
				GCC_WARN_UNUSED_VARIABLE = YES;
				IPHONEOS_DEPLOYMENT_TARGET = 12.1;
				MTL_ENABLE_DEBUG_INFO = INCLUDE_SOURCE;
				MTL_FAST_MATH = YES;
				ONLY_ACTIVE_ARCH = YES;
				SDKROOT = iphoneos;
				SWIFT_ACTIVE_COMPILATION_CONDITIONS = DEBUG;
				SWIFT_OPTIMIZATION_LEVEL = "-Onone";
			};
			name = Debug;
		};
		3F04990C24599B35008862C2 /* Release */ = {
			isa = XCBuildConfiguration;
			buildSettings = {
				ALWAYS_SEARCH_USER_PATHS = NO;
				CLANG_ANALYZER_NONNULL = YES;
				CLANG_ANALYZER_NUMBER_OBJECT_CONVERSION = YES_AGGRESSIVE;
				CLANG_CXX_LANGUAGE_STANDARD = "gnu++14";
				CLANG_CXX_LIBRARY = "libc++";
				CLANG_ENABLE_MODULES = YES;
				CLANG_ENABLE_OBJC_ARC = YES;
				CLANG_ENABLE_OBJC_WEAK = YES;
				CLANG_WARN_BLOCK_CAPTURE_AUTORELEASING = YES;
				CLANG_WARN_BOOL_CONVERSION = YES;
				CLANG_WARN_COMMA = YES;
				CLANG_WARN_CONSTANT_CONVERSION = YES;
				CLANG_WARN_DEPRECATED_OBJC_IMPLEMENTATIONS = YES;
				CLANG_WARN_DIRECT_OBJC_ISA_USAGE = YES_ERROR;
				CLANG_WARN_DOCUMENTATION_COMMENTS = YES;
				CLANG_WARN_EMPTY_BODY = YES;
				CLANG_WARN_ENUM_CONVERSION = YES;
				CLANG_WARN_INFINITE_RECURSION = YES;
				CLANG_WARN_INT_CONVERSION = YES;
				CLANG_WARN_NON_LITERAL_NULL_CONVERSION = YES;
				CLANG_WARN_OBJC_IMPLICIT_RETAIN_SELF = YES;
				CLANG_WARN_OBJC_LITERAL_CONVERSION = YES;
				CLANG_WARN_OBJC_ROOT_CLASS = YES_ERROR;
				CLANG_WARN_RANGE_LOOP_ANALYSIS = YES;
				CLANG_WARN_STRICT_PROTOTYPES = YES;
				CLANG_WARN_SUSPICIOUS_MOVE = YES;
				CLANG_WARN_UNGUARDED_AVAILABILITY = YES_AGGRESSIVE;
				CLANG_WARN_UNREACHABLE_CODE = YES;
				CLANG_WARN__DUPLICATE_METHOD_MATCH = YES;
				CODE_SIGN_IDENTITY = "iPhone Developer";
				COPY_PHASE_STRIP = NO;
				DEBUG_INFORMATION_FORMAT = "dwarf-with-dsym";
				ENABLE_NS_ASSERTIONS = NO;
				ENABLE_STRICT_OBJC_MSGSEND = YES;
				GCC_C_LANGUAGE_STANDARD = gnu11;
				GCC_NO_COMMON_BLOCKS = YES;
				GCC_WARN_64_TO_32_BIT_CONVERSION = YES;
				GCC_WARN_ABOUT_RETURN_TYPE = YES_ERROR;
				GCC_WARN_UNDECLARED_SELECTOR = YES;
				GCC_WARN_UNINITIALIZED_AUTOS = YES_AGGRESSIVE;
				GCC_WARN_UNUSED_FUNCTION = YES;
				GCC_WARN_UNUSED_VARIABLE = YES;
				IPHONEOS_DEPLOYMENT_TARGET = 12.1;
				MTL_ENABLE_DEBUG_INFO = NO;
				MTL_FAST_MATH = YES;
				SDKROOT = iphoneos;
				SWIFT_COMPILATION_MODE = wholemodule;
				SWIFT_OPTIMIZATION_LEVEL = "-O";
				VALIDATE_PRODUCT = YES;
			};
			name = Release;
		};
		3F04990E24599B35008862C2 /* Debug */ = {
			isa = XCBuildConfiguration;
			buildSettings = {
				ASSETCATALOG_COMPILER_APPICON_NAME = AppIcon;
				CODE_SIGN_STYLE = Automatic;
				INFOPLIST_FILE = Project/Info.plist;
				LD_RUNPATH_SEARCH_PATHS = (
					"$(inherited)",
					"@executable_path/Frameworks",
				);
				PRODUCT_BUNDLE_IDENTIFIER = huihuiteam.Project;
				PRODUCT_NAME = "$(TARGET_NAME)";
				SWIFT_VERSION = 4.2;
				TARGETED_DEVICE_FAMILY = "1,2";
			};
			name = Debug;
		};
		3F04990F24599B35008862C2 /* Release */ = {
			isa = XCBuildConfiguration;
			buildSettings = {
				ASSETCATALOG_COMPILER_APPICON_NAME = AppIcon;
				CODE_SIGN_STYLE = Automatic;
				INFOPLIST_FILE = Project/Info.plist;
				LD_RUNPATH_SEARCH_PATHS = (
					"$(inherited)",
					"@executable_path/Frameworks",
				);
				PRODUCT_BUNDLE_IDENTIFIER = huihuiteam.Project;
				PRODUCT_NAME = "$(TARGET_NAME)";
				SWIFT_VERSION = 4.2;
				TARGETED_DEVICE_FAMILY = "1,2";
			};
			name = Release;
		};
		3F04991124599B35008862C2 /* Debug */ = {
			isa = XCBuildConfiguration;
			buildSettings = {
				ALWAYS_EMBED_SWIFT_STANDARD_LIBRARIES = YES;
				BUNDLE_LOADER = "$(TEST_HOST)";
				CODE_SIGN_STYLE = Automatic;
				INFOPLIST_FILE = ProjectTests/Info.plist;
				LD_RUNPATH_SEARCH_PATHS = (
					"$(inherited)",
					"@executable_path/Frameworks",
					"@loader_path/Frameworks",
				);
				PRODUCT_BUNDLE_IDENTIFIER = huihuiteam.ProjectTests;
				PRODUCT_NAME = "$(TARGET_NAME)";
				SWIFT_VERSION = 4.2;
				TARGETED_DEVICE_FAMILY = "1,2";
				TEST_HOST = "$(BUILT_PRODUCTS_DIR)/Project.app/Project";
			};
			name = Debug;
		};
		3F04991224599B35008862C2 /* Release */ = {
			isa = XCBuildConfiguration;
			buildSettings = {
				ALWAYS_EMBED_SWIFT_STANDARD_LIBRARIES = YES;
				BUNDLE_LOADER = "$(TEST_HOST)";
				CODE_SIGN_STYLE = Automatic;
				INFOPLIST_FILE = ProjectTests/Info.plist;
				LD_RUNPATH_SEARCH_PATHS = (
					"$(inherited)",
					"@executable_path/Frameworks",
					"@loader_path/Frameworks",
				);
				PRODUCT_BUNDLE_IDENTIFIER = huihuiteam.ProjectTests;
				PRODUCT_NAME = "$(TARGET_NAME)";
				SWIFT_VERSION = 4.2;
				TARGETED_DEVICE_FAMILY = "1,2";
				TEST_HOST = "$(BUILT_PRODUCTS_DIR)/Project.app/Project";
			};
			name = Release;
		};
		3F04991424599B35008862C2 /* Debug */ = {
			isa = XCBuildConfiguration;
			buildSettings = {
				ALWAYS_EMBED_SWIFT_STANDARD_LIBRARIES = YES;
				CODE_SIGN_STYLE = Automatic;
				INFOPLIST_FILE = ProjectUITests/Info.plist;
				LD_RUNPATH_SEARCH_PATHS = (
					"$(inherited)",
					"@executable_path/Frameworks",
					"@loader_path/Frameworks",
				);
				PRODUCT_BUNDLE_IDENTIFIER = huihuiteam.ProjectUITests;
				PRODUCT_NAME = "$(TARGET_NAME)";
				SWIFT_VERSION = 4.2;
				TARGETED_DEVICE_FAMILY = "1,2";
				TEST_TARGET_NAME = Project;
			};
			name = Debug;
		};
		3F04991524599B35008862C2 /* Release */ = {
			isa = XCBuildConfiguration;
			buildSettings = {
				ALWAYS_EMBED_SWIFT_STANDARD_LIBRARIES = YES;
				CODE_SIGN_STYLE = Automatic;
				INFOPLIST_FILE = ProjectUITests/Info.plist;
				LD_RUNPATH_SEARCH_PATHS = (
					"$(inherited)",
					"@executable_path/Frameworks",
					"@loader_path/Frameworks",
				);
				PRODUCT_BUNDLE_IDENTIFIER = huihuiteam.ProjectUITests;
				PRODUCT_NAME = "$(TARGET_NAME)";
				SWIFT_VERSION = 4.2;
				TARGETED_DEVICE_FAMILY = "1,2";
				TEST_TARGET_NAME = Project;
			};
			name = Release;
		};
/* End XCBuildConfiguration section */

/* Begin XCConfigurationList section */
		3F0498E024599B2E008862C2 /* Build configuration list for PBXProject "Project" */ = {
			isa = XCConfigurationList;
			buildConfigurations = (
				3F04990B24599B35008862C2 /* Debug */,
				3F04990C24599B35008862C2 /* Release */,
			);
			defaultConfigurationIsVisible = 0;
			defaultConfigurationName = Release;
		};
		3F04990D24599B35008862C2 /* Build configuration list for PBXNativeTarget "Project" */ = {
			isa = XCConfigurationList;
			buildConfigurations = (
				3F04990E24599B35008862C2 /* Debug */,
				3F04990F24599B35008862C2 /* Release */,
			);
			defaultConfigurationIsVisible = 0;
			defaultConfigurationName = Release;
		};
		3F04991024599B35008862C2 /* Build configuration list for PBXNativeTarget "ProjectTests" */ = {
			isa = XCConfigurationList;
			buildConfigurations = (
				3F04991124599B35008862C2 /* Debug */,
				3F04991224599B35008862C2 /* Release */,
			);
			defaultConfigurationIsVisible = 0;
			defaultConfigurationName = Release;
		};
		3F04991324599B35008862C2 /* Build configuration list for PBXNativeTarget "ProjectUITests" */ = {
			isa = XCConfigurationList;
			buildConfigurations = (
				3F04991424599B35008862C2 /* Debug */,
				3F04991524599B35008862C2 /* Release */,
			);
			defaultConfigurationIsVisible = 0;
			defaultConfigurationName = Release;
		};
/* End XCConfigurationList section */
	};
	rootObject = 3F0498DD24599B2E008862C2 /* Project object */;
}
